github.com/oasisprotocol/curve25519-voi v0.0.0-20220328075252-7dd334e3daae h1:7smdlrfdcZic4VfsGKD2ulWL804a4GVphr4s7WZxGiY=
github.com/oasisprotocol/curve25519-voi v0.0.0-20220328075252-7dd334e3daae/go.mod h1:hVoHR2EVESiICEMbg137etN/Lx+lSrHPTD39Z/uE+2s=
github.com/sigurn/crc16 v0.0.0-20211026045750-20ab5afb07e3 h1:aQKxg3+2p+IFXXg97McgDGT5zcMrQoi0EICZs8Pgchs=
github.com/sigurn/crc16 v0.0.0-20211026045750-20ab5afb07e3/go.mod h1:9/etS5gpQq9BJsJMWg1wpLbfuSnkm8dPF6FdW2JXVhA=
github.com/webview/webview v0.0.0-20220816141928-2ee04ccd0530 h1:diPvLFzNaRG1c1Qh8s8jWQt/+l8HQs9iQgHvAV4N8q8=
github.com/webview/webview v0.0.0-20220816141928-2ee04ccd0530/go.mod h1:rpXAuuHgyEJb6kXcXldlkOjU6y4x+YcASKKXJNUhh0Y=
github.com/xssnick/tonutils-go v1.4.1-0.20221118143756-dc21e1380040 h1:JUUAJKSireNTeiih4eA0fUZD5I3EA7DufVFjABU6Ou4=
github.com/xssnick/tonutils-go v1.4.1-0.20221118143756-dc21e1380040/go.mod h1:wH8ldhLueyfXW15r3MyaIq9YzA+8bzvL6UMU2BLp08g=
github.com/xssnick/tonutils-go v1.4.1-0.20221120135151-b4201e847139 h1:/hXySSQGyko5c+l49Fi0B0oGNseZEK7yiRAN+0vGKgI=
github.com/xssnick/tonutils-go v1.4.1-0.20221120135151-b4201e847139/go.mod h1:wH8ldhLueyfXW15r3MyaIq9YzA+8bzvL6UMU2BLp08g=
github.com/xssnick/tonutils-go v1.4.1-0.20221120181320-7369ac8b83e4 h1:o4SWeudiX9zebjb89JzSP2VlPWcMIpk7ppt/FKpUeSg=
github.com/xssnick/tonutils-go v1.4.1-0.20221120181320-7369ac8b83e4/go.mod h1:wH8ldhLueyfXW15r3MyaIq9YzA+8bzvL6UMU2BLp08g=
github.com/xssnick/tonutils-go v1.4.1-0.20221121105628-228e8926a4b0 h1:RSggT/RuqQStH6fSxOkI4y8nh6SMqu9A2/LmXcPLBiY=
github.com/xssnick/tonutils-go v1.4.1-0.20221121105628-228e8926a4b0/go.mod h1:wH8ldhLueyfXW15r3MyaIq9YzA+8bzvL6UMU2BLp08g=
github.com/xssnick/tonutils-go v1.4.1-0.20221121132603-3ffc5331bb47 h1:uGg0IdLDo2EWqZPLa14NLNXVklqo1MY1JGy1pKnzP64=
github.com/xssnick/tonutils-go v1.4.1-0.20221121132603-3ffc5331bb47/go.mod h1:wH8ldhLueyfXW15r3MyaIq9YzA+8bzvL6UMU2BLp08g=
github.com/xssnick/tonutils-go v1.4.1-0.20221124212229-8ab9bcd7c355 h1:EQUUIasMKzON/dTw9hdGNPiyE82EkEOuKQvWP8Nn00g=
github.com/xssnick/tonutils-go v1.4.1-0.20221124212229-8ab9bcd7c355/go.mod h1:wH8ldhLueyfXW15r3MyaIq9YzA+8bzvL6UMU2BLp08g=
github.com/xssnick/tonutils-go v1.4.1-0.20221125075317-4afc968b8a4e h1:QqMUMlLn0rLw8qhXaG4EPUA42rjtFafrO2l+zURknX0=
github.com/xssnick/tonutils-go v1.4.1-0.20221125075317-4afc968b8a4e/go.mod h1:wH8ldhLueyfXW15r3MyaIq9YzA+8bzvL6UMU2BLp08g=
github.com/xssnick/tonutils-go v1.4.1-0.20221125113846-1ab0c22fa628 h1:++XgoSIMwygvzmIlDujJnJOYTMK//3rPTT1hIi2iClc=
github.com/xssnick/tonutils-go v1.4.1-0.20221125113846-1ab0c22fa628/go.mod h1:wH8ldhLueyfXW15r3MyaIq9YzA+8bzvL6UMU2BLp08g=
github.com/xssnick/tonutils-go v1.4.1-0.20221206140648-d79276d391ac h1:gYjvisT4pz8PtBzbL2KeE9/LlBWnfBQGpSzMMNm/4k8=
github.com/xssnick/tonutils-go v1.4.1-0.20221206140648-d79276d391ac/go.mod h1:wH8ldhLueyfXW15r3MyaIq9YzA+8bzvL6UMU2BLp08g=
github.com/xssnick/tonutils-go v1.4.1-0.20221206142511-be3411cf412f h1:Bl2+JB72J/YL7qWcrqdLpgjN/7D/FYDsLKde7Fe7P98=
github.com/xssnick/tonutils-go v1.4.1-0.20221206142511-be3411cf412f/go.mod h1:wH8ldhLueyfXW15r3MyaIq9YzA+8bzvL6UMU2BLp08g=
github.com/xssnick/tonutils-go v1.4.1-0.20221230072647-4e248397e2ff h1:o7Mqh3TOY1yETdgA1JGgyVWjq5PfFySNnupQgmTDGBE=
github.com/xssnick/tonutils-go v1.4.1-0.20221230072647-4e248397e2ff/go.mod h1:wH8ldhLueyfXW15r3MyaIq9YzA+8bzvL6UMU2BLp08g=
github.com/xssnick/tonutils-go v1.4.1-0.20230109130346-b0cd607f9ab5 h1:BkYqyX87xkZ1MmlP5SGV42lSnewJPrB2WCArPDzaVCI=
github.com/xssnick/tonutils-go v1.4.1-0.20230109130346-b0cd607f9ab5/go.mod h1:wH8ldhLueyfXW15r3MyaIq9YzA+8bzvL6UMU2BLp08g=
github.com/xssnick/tonutils-go v1.5.0 h1:r4SmSH0FWyGQRkD4wz9nQekL8ow9/IA7BJ1K5kazrPE=
github.com/xssnick/tonutils-go v1.5.0/go.mod h1:wH8ldhLueyfXW15r3MyaIq9YzA+8bzvL6UMU2BLp08g=
github.com/xssnick/tonutils-go v1.5.1-0.20230131083811-f2432838f9cc h1:TEyycMu6wLBthFjeBeFvPfdQwfK3LdWnJkx5iYH1TgQ=
github.com/xssnick/tonutils-go v1.5.1-0.20230131083811-f2432838f9cc/go.mod h1:wH8ldhLueyfXW15r3MyaIq9YzA+8bzvL6UMU2BLp08g=
golang.org/x/crypto v0.0.0-20220321153916-2c7772ba3064 h1:S25/rfnfsMVgORT4/J61MJ7rdyseOZOyvLIrZEZ7s6s=
golang.org/x/crypto v0.0.0-20220321153916-2c7772ba3064/go.mod h1:IxCIyHEi3zRg3s0A5j5BB6A9Jmi73HwBIUl50j+osU4=
golang.org/x/sys v0.0.0-20220412211240-33da011f77ad h1:ntjMns5wyP/fN65tdBD4g8J5w8n015+iIIs9rtjXkY0=
golang.org/x/sys v0.0.0-20220412211240-33da011f77ad/go.mod h1:oPkhp1MJrh7nUepCBck5+mAzfO9JrbApNNgaTdGDITg=
