github.com/oasisprotocol/curve25519-voi v0.0.0-20220328075252-7dd334e3daae h1:7smdlrfdcZic4VfsGKD2ulWL804a4GVphr4s7WZxGiY=
github.com/oasisprotocol/curve25519-voi v0.0.0-20220328075252-7dd334e3daae/go.mod h1:hVoHR2EVESiICEMbg137etN/Lx+lSrHPTD39Z/uE+2s=
github.com/sigurn/crc16 v0.0.0-20211026045750-20ab5afb07e3 h1:aQKxg3+2p+IFXXg97McgDGT5zcMrQoi0EICZs8Pgchs=
github.com/sigurn/crc16 v0.0.0-20211026045750-20ab5afb07e3/go.mod h1:9/etS5gpQq9BJsJMWg1wpLbfuSnkm8dPF6FdW2JXVhA=
github.com/webview/webview v0.0.0-20220816141928-2ee04ccd0530 h1:diPvLFzNaRG1c1Qh8s8jWQt/+l8HQs9iQgHvAV4N8q8=
github.com/webview/webview v0.0.0-20220816141928-2ee04ccd0530/go.mod h1:rpXAuuHgyEJb6kXcXldlkOjU6y4x+YcASKKXJNUhh0Y=
github.com/xssnick/tonutils-go v1.5.3-0.20230221135230-60463ad09c2b h1:ksUQSQGDfpjyZmsUn5RiZz6xAepDxpMx/VH31LbjxWc=
github.com/xssnick/tonutils-go v1.5.3-0.20230221135230-60463ad09c2b/go.mod h1:wH8ldhLueyfXW15r3MyaIq9YzA+8bzvL6UMU2BLp08g=
github.com/xssnick/tonutils-go v1.5.3-0.20230222171620-6f8d8d91faf3 h1:dq9e0OjkjVulHSi39IYwUF6pi3k4W08ExvAMN1zRAxQ=
github.com/xssnick/tonutils-go v1.5.3-0.20230222171620-6f8d8d91faf3/go.mod h1:wH8ldhLueyfXW15r3MyaIq9YzA+8bzvL6UMU2BLp08g=
github.com/xssnick/tonutils-go v1.5.3-0.20230223093015-cb8d6107bc07 h1:qnZRG7yD5BRVFpyDAFrtk+ZZmobKQUSNA/M9wyvzARw=
github.com/xssnick/tonutils-go v1.5.3-0.20230223093015-cb8d6107bc07/go.mod h1:wH8ldhLueyfXW15r3MyaIq9YzA+8bzvL6UMU2BLp08g=
github.com/xssnick/tonutils-go v1.5.3-0.20230224103525-a740f2b2aa76 h1:6W7QanatmrKV4JvoBndRC97VS8k4HKzB1io/RW3oMcM=
github.com/xssnick/tonutils-go v1.5.3-0.20230224103525-a740f2b2aa76/go.mod h1:wH8ldhLueyfXW15r3MyaIq9YzA+8bzvL6UMU2BLp08g=
golang.org/x/crypto v0.0.0-20220321153916-2c7772ba3064 h1:S25/rfnfsMVgORT4/J61MJ7rdyseOZOyvLIrZEZ7s6s=
golang.org/x/crypto v0.0.0-20220321153916-2c7772ba3064/go.mod h1:IxCIyHEi3zRg3s0A5j5BB6A9Jmi73HwBIUl50j+osU4=
golang.org/x/sys v0.0.0-20220412211240-33da011f77ad h1:ntjMns5wyP/fN65tdBD4g8J5w8n015+iIIs9rtjXkY0=
golang.org/x/sys v0.0.0-20220412211240-33da011f77ad/go.mod h1:oPkhp1MJrh7nUepCBck5+mAzfO9JrbApNNgaTdGDITg=
